
Microsoft Visual Studio Solution File, Format Version 12.00
# Visual Studio 15
VisualStudioVersion = 15.0.26124.0
MinimumVisualStudioVersion = 15.0.26124.0
Project("{FAE04EC0-301F-11D3-BF4B-00C04F79EFBC}") = "Todo.Domain", "Todo.Domain\Todo.Domain.csproj", "{2C072812-0BD9-4664-AE19-5681B234BFAA}"
EndProject
Project("{FAE04EC0-301F-11D3-BF4B-00C04F79EFBC}") = "Todo.Domain.Api", "Todo.Domain.Api\Todo.Domain.Api.csproj", "{7B76ED62-4453-49D6-A989-C1B8724DA072}"
EndProject
Project("{FAE04EC0-301F-11D3-BF4B-00C04F79EFBC}") = "Todo.Domain.Infra", "Todo.Domain.Infra\Todo.Domain.Infra.csproj", "{379608F9-CC72-47C2-B662-D9B117A042F7}"
EndProject
Project("{FAE04EC0-301F-11D3-BF4B-00C04F79EFBC}") = "Todo.Domain.Tests", "Todo.Domain.Tests\Todo.Domain.Tests.csproj", "{E01491FF-9475-42B8-84AA-8B39C70E7528}"
EndProject
Global
	GlobalSection(SolutionConfigurationPlatforms) = preSolution
		Debug|Any CPU = Debug|Any CPU
		Debug|x64 = Debug|x64
		Debug|x86 = Debug|x86
		Release|Any CPU = Release|Any CPU
		Release|x64 = Release|x64
		Release|x86 = Release|x86
	EndGlobalSection
	GlobalSection(SolutionProperties) = preSolution
		HideSolutionNode = FALSE
	EndGlobalSection
	GlobalSection(ProjectConfigurationPlatforms) = postSolution
		{2C072812-0BD9-4664-AE19-5681B234BFAA}.Debug|Any CPU.ActiveCfg = Debug|Any CPU
		{2C072812-0BD9-4664-AE19-5681B234BFAA}.Debug|Any CPU.Build.0 = Debug|Any CPU
		{2C072812-0BD9-4664-AE19-5681B234BFAA}.Debug|x64.ActiveCfg = Debug|Any CPU
		{2C072812-0BD9-4664-AE19-5681B234BFAA}.Debug|x64.Build.0 = Debug|Any CPU
		{2C072812-0BD9-4664-AE19-5681B234BFAA}.Debug|x86.ActiveCfg = Debug|Any CPU
		{2C072812-0BD9-4664-AE19-5681B234BFAA}.Debug|x86.Build.0 = Debug|Any CPU
		{2C072812-0BD9-4664-AE19-5681B234BFAA}.Release|Any CPU.ActiveCfg = Release|Any CPU
		{2C072812-0BD9-4664-AE19-5681B234BFAA}.Release|Any CPU.Build.0 = Release|Any CPU
		{2C072812-0BD9-4664-AE19-5681B234BFAA}.Release|x64.ActiveCfg = Release|Any CPU
		{2C072812-0BD9-4664-AE19-5681B234BFAA}.Release|x64.Build.0 = Release|Any CPU
		{2C072812-0BD9-4664-AE19-5681B234BFAA}.Release|x86.ActiveCfg = Release|Any CPU
		{2C072812-0BD9-4664-AE19-5681B234BFAA}.Release|x86.Build.0 = Release|Any CPU
		{7B76ED62-4453-49D6-A989-C1B8724DA072}.Debug|Any CPU.ActiveCfg = Debug|Any CPU
		{7B76ED62-4453-49D6-A989-C1B8724DA072}.Debug|Any CPU.Build.0 = Debug|Any CPU
		{7B76ED62-4453-49D6-A989-C1B8724DA072}.Debug|x64.ActiveCfg = Debug|Any CPU
		{7B76ED62-4453-49D6-A989-C1B8724DA072}.Debug|x64.Build.0 = Debug|Any CPU
		{7B76ED62-4453-49D6-A989-C1B8724DA072}.Debug|x86.ActiveCfg = Debug|Any CPU
		{7B76ED62-4453-49D6-A989-C1B8724DA072}.Debug|x86.Build.0 = Debug|Any CPU
		{7B76ED62-4453-49D6-A989-C1B8724DA072}.Release|Any CPU.ActiveCfg = Release|Any CPU
		{7B76ED62-4453-49D6-A989-C1B8724DA072}.Release|Any CPU.Build.0 = Release|Any CPU
		{7B76ED62-4453-49D6-A989-C1B8724DA072}.Release|x64.ActiveCfg = Release|Any CPU
		{7B76ED62-4453-49D6-A989-C1B8724DA072}.Release|x64.Build.0 = Release|Any CPU
		{7B76ED62-4453-49D6-A989-C1B8724DA072}.Release|x86.ActiveCfg = Release|Any CPU
		{7B76ED62-4453-49D6-A989-C1B8724DA072}.Release|x86.Build.0 = Release|Any CPU
		{379608F9-CC72-47C2-B662-D9B117A042F7}.Debug|Any CPU.ActiveCfg = Debug|Any CPU
		{379608F9-CC72-47C2-B662-D9B117A042F7}.Debug|Any CPU.Build.0 = Debug|Any CPU
		{379608F9-CC72-47C2-B662-D9B117A042F7}.Debug|x64.ActiveCfg = Debug|Any CPU
		{379608F9-CC72-47C2-B662-D9B117A042F7}.Debug|x64.Build.0 = Debug|Any CPU
		{379608F9-CC72-47C2-B662-D9B117A042F7}.Debug|x86.ActiveCfg = Debug|Any CPU
		{379608F9-CC72-47C2-B662-D9B117A042F7}.Debug|x86.Build.0 = Debug|Any CPU
		{379608F9-CC72-47C2-B662-D9B117A042F7}.Release|Any CPU.ActiveCfg = Release|Any CPU
		{379608F9-CC72-47C2-B662-D9B117A042F7}.Release|Any CPU.Build.0 = Release|Any CPU
		{379608F9-CC72-47C2-B662-D9B117A042F7}.Release|x64.ActiveCfg = Release|Any CPU
		{379608F9-CC72-47C2-B662-D9B117A042F7}.Release|x64.Build.0 = Release|Any CPU
		{379608F9-CC72-47C2-B662-D9B117A042F7}.Release|x86.ActiveCfg = Release|Any CPU
		{379608F9-CC72-47C2-B662-D9B117A042F7}.Release|x86.Build.0 = Release|Any CPU
		{E01491FF-9475-42B8-84AA-8B39C70E7528}.Debug|Any CPU.ActiveCfg = Debug|Any CPU
		{E01491FF-9475-42B8-84AA-8B39C70E7528}.Debug|Any CPU.Build.0 = Debug|Any CPU
		{E01491FF-9475-42B8-84AA-8B39C70E7528}.Debug|x64.ActiveCfg = Debug|Any CPU
		{E01491FF-9475-42B8-84AA-8B39C70E7528}.Debug|x64.Build.0 = Debug|Any CPU
		{E01491FF-9475-42B8-84AA-8B39C70E7528}.Debug|x86.ActiveCfg = Debug|Any CPU
		{E01491FF-9475-42B8-84AA-8B39C70E7528}.Debug|x86.Build.0 = Debug|Any CPU
		{E01491FF-9475-42B8-84AA-8B39C70E7528}.Release|Any CPU.ActiveCfg = Release|Any CPU
		{E01491FF-9475-42B8-84AA-8B39C70E7528}.Release|Any CPU.Build.0 = Release|Any CPU
		{E01491FF-9475-42B8-84AA-8B39C70E7528}.Release|x64.ActiveCfg = Release|Any CPU
		{E01491FF-9475-42B8-84AA-8B39C70E7528}.Release|x64.Build.0 = Release|Any CPU
		{E01491FF-9475-42B8-84AA-8B39C70E7528}.Release|x86.ActiveCfg = Release|Any CPU
		{E01491FF-9475-42B8-84AA-8B39C70E7528}.Release|x86.Build.0 = Release|Any CPU
	EndGlobalSection
EndGlobal
